// !$*UTF8*$!
{
	archiveVersion = 1;
	classes = {
	};
	objectVersion = 46;
	objects = {

/* Begin PBXBuildFile section */
		792C040A1CF748170039E47B /* main.m in Sources */ = {isa = PBXBuildFile; fileRef = 792C04091CF748170039E47B /* main.m */; };
		792C040D1CF748170039E47B /* AppDelegate.m in Sources */ = {isa = PBXBuildFile; fileRef = 792C040C1CF748170039E47B /* AppDelegate.m */; };
		792C04101CF748170039E47B /* ViewController.m in Sources */ = {isa = PBXBuildFile; fileRef = 792C040F1CF748170039E47B /* ViewController.m */; };
		792C04131CF748170039E47B /* Main.storyboard in Resources */ = {isa = PBXBuildFile; fileRef = 792C04111CF748170039E47B /* Main.storyboard */; };
		792C04151CF748170039E47B /* Assets.xcassets in Resources */ = {isa = PBXBuildFile; fileRef = 792C04141CF748170039E47B /* Assets.xcassets */; };
		792C04181CF748170039E47B /* LaunchScreen.storyboard in Resources */ = {isa = PBXBuildFile; fileRef = 792C04161CF748170039E47B /* LaunchScreen.storyboard */; };
		792C04231CF748170039E47B /* JLRoutesDemoTests.m in Sources */ = {isa = PBXBuildFile; fileRef = 792C04221CF748170039E47B /* JLRoutesDemoTests.m */; };
		792C042E1CF748170039E47B /* JLRoutesDemoUITests.m in Sources */ = {isa = PBXBuildFile; fileRef = 792C042D1CF748170039E47B /* JLRoutesDemoUITests.m */; };
/* End PBXBuildFile section */

/* Begin PBXContainerItemProxy section */
		792C041F1CF748170039E47B /* PBXContainerItemProxy */ = {
			isa = PBXContainerItemProxy;
			containerPortal = 792C03FD1CF748170039E47B /* Project object */;
			proxyType = 1;
			remoteGlobalIDString = 792C04041CF748170039E47B;
			remoteInfo = JLRoutesDemo;
		};
		792C042A1CF748170039E47B /* PBXContainerItemProxy */ = {
			isa = PBXContainerItemProxy;
			containerPortal = 792C03FD1CF748170039E47B /* Project object */;
			proxyType = 1;
			remoteGlobalIDString = 792C04041CF748170039E47B;
			remoteInfo = JLRoutesDemo;
		};
/* End PBXContainerItemProxy section */

/* Begin PBXFileReference section */
		792C04051CF748170039E47B /* JLRoutesDemo.app */ = {isa = PBXFileReference; explicitFileType = wrapper.application; includeInIndex = 0; path = JLRoutesDemo.app; sourceTree = BUILT_PRODUCTS_DIR; };
		792C04091CF748170039E47B /* main.m */ = {isa = PBXFileReference; lastKnownFileType = sourcecode.c.objc; path = main.m; sourceTree = "<group>"; };
		792C040B1CF748170039E47B /* AppDelegate.h */ = {isa = PBXFileReference; lastKnownFileType = sourcecode.c.h; path = AppDelegate.h; sourceTree = "<group>"; };
		792C040C1CF748170039E47B /* AppDelegate.m */ = {isa = PBXFileReference; lastKnownFileType = sourcecode.c.objc; path = AppDelegate.m; sourceTree = "<group>"; };
		792C040E1CF748170039E47B /* ViewController.h */ = {isa = PBXFileReference; lastKnownFileType = sourcecode.c.h; path = ViewController.h; sourceTree = "<group>"; };
		792C040F1CF748170039E47B /* ViewController.m */ = {isa = PBXFileReference; lastKnownFileType = sourcecode.c.objc; path = ViewController.m; sourceTree = "<group>"; };
		792C04121CF748170039E47B /* Base */ = {isa = PBXFileReference; lastKnownFileType = file.storyboard; name = Base; path = Base.lproj/Main.storyboard; sourceTree = "<group>"; };
		792C04141CF748170039E47B /* Assets.xcassets */ = {isa = PBXFileReference; lastKnownFileType = folder.assetcatalog; path = Assets.xcassets; sourceTree = "<group>"; };
		792C04171CF748170039E47B /* Base */ = {isa = PBXFileReference; lastKnownFileType = file.storyboard; name = Base; path = Base.lproj/LaunchScreen.storyboard; sourceTree = "<group>"; };
		792C04191CF748170039E47B /* Info.plist */ = {isa = PBXFileReference; lastKnownFileType = text.plist.xml; path = Info.plist; sourceTree = "<group>"; };
		792C041E1CF748170039E47B /* JLRoutesDemoTests.xctest */ = {isa = PBXFileReference; explicitFileType = wrapper.cfbundle; includeInIndex = 0; path = JLRoutesDemoTests.xctest; sourceTree = BUILT_PRODUCTS_DIR; };
		792C04221CF748170039E47B /* JLRoutesDemoTests.m */ = {isa = PBXFileReference; lastKnownFileType = sourcecode.c.objc; path = JLRoutesDemoTests.m; sourceTree = "<group>"; };
		792C04241CF748170039E47B /* Info.plist */ = {isa = PBXFileReference; lastKnownFileType = text.plist.xml; path = Info.plist; sourceTree = "<group>"; };
		792C04291CF748170039E47B /* JLRoutesDemoUITests.xctest */ = {isa = PBXFileReference; explicitFileType = wrapper.cfbundle; includeInIndex = 0; path = JLRoutesDemoUITests.xctest; sourceTree = BUILT_PRODUCTS_DIR; };
		792C042D1CF748170039E47B /* JLRoutesDemoUITests.m */ = {isa = PBXFileReference; lastKnownFileType = sourcecode.c.objc; path = JLRoutesDemoUITests.m; sourceTree = "<group>"; };
		792C042F1CF748170039E47B /* Info.plist */ = {isa = PBXFileReference; lastKnownFileType = text.plist.xml; path = Info.plist; sourceTree = "<group>"; };
/* End PBXFileReference section */

/* Begin PBXFrameworksBuildPhase section */
		792C04021CF748170039E47B /* Frameworks */ = {
			isa = PBXFrameworksBuildPhase;
			buildActionMask = 2147483647;
			files = (
			);
			runOnlyForDeploymentPostprocessing = 0;
		};
		792C041B1CF748170039E47B /* Frameworks */ = {
			isa = PBXFrameworksBuildPhase;
			buildActionMask = 2147483647;
			files = (
			);
			runOnlyForDeploymentPostprocessing = 0;
		};
		792C04261CF748170039E47B /* Frameworks */ = {
			isa = PBXFrameworksBuildPhase;
			buildActionMask = 2147483647;
			files = (
			);
			runOnlyForDeploymentPostprocessing = 0;
		};
/* End PBXFrameworksBuildPhase section */

/* Begin PBXGroup section */
		792C03FC1CF748170039E47B = {
			isa = PBXGroup;
			children = (
				792C04071CF748170039E47B /* JLRoutesDemo */,
				792C04211CF748170039E47B /* JLRoutesDemoTests */,
				792C042C1CF748170039E47B /* JLRoutesDemoUITests */,
				792C04061CF748170039E47B /* Products */,
			);
			sourceTree = "<group>";
		};
		792C04061CF748170039E47B /* Products */ = {
			isa = PBXGroup;
			children = (
				792C04051CF748170039E47B /* JLRoutesDemo.app */,
				792C041E1CF748170039E47B /* JLRoutesDemoTests.xctest */,
				792C04291CF748170039E47B /* JLRoutesDemoUITests.xctest */,
			);
			name = Products;
			sourceTree = "<group>";
		};
		792C04071CF748170039E47B /* JLRoutesDemo */ = {
			isa = PBXGroup;
			children = (
				792C040B1CF748170039E47B /* AppDelegate.h */,
				792C040C1CF748170039E47B /* AppDelegate.m */,
				792C040E1CF748170039E47B /* ViewController.h */,
				792C040F1CF748170039E47B /* ViewController.m */,
				792C04111CF748170039E47B /* Main.storyboard */,
				792C04141CF748170039E47B /* Assets.xcassets */,
				792C04161CF748170039E47B /* LaunchScreen.storyboard */,
				792C04191CF748170039E47B /* Info.plist */,
				792C04081CF748170039E47B /* Supporting Files */,
			);
			path = JLRoutesDemo;
			sourceTree = "<group>";
		};
		792C04081CF748170039E47B /* Supporting Files */ = {
			isa = PBXGroup;
			children = (
				792C04091CF748170039E47B /* main.m */,
			);
			name = "Supporting Files";
			sourceTree = "<group>";
		};
		792C04211CF748170039E47B /* JLRoutesDemoTests */ = {
			isa = PBXGroup;
			children = (
				792C04221CF748170039E47B /* JLRoutesDemoTests.m */,
				792C04241CF748170039E47B /* Info.plist */,
			);
			path = JLRoutesDemoTests;
			sourceTree = "<group>";
		};
		792C042C1CF748170039E47B /* JLRoutesDemoUITests */ = {
			isa = PBXGroup;
			children = (
				792C042D1CF748170039E47B /* JLRoutesDemoUITests.m */,
				792C042F1CF748170039E47B /* Info.plist */,
			);
			path = JLRoutesDemoUITests;
			sourceTree = "<group>";
		};
/* End PBXGroup section */

/* Begin PBXNativeTarget section */
		792C04041CF748170039E47B /* JLRoutesDemo */ = {
			isa = PBXNativeTarget;
			buildConfigurationList = 792C04321CF748170039E47B /* Build configuration list for PBXNativeTarget "JLRoutesDemo" */;
			buildPhases = (
				792C04011CF748170039E47B /* Sources */,
				792C04021CF748170039E47B /* Frameworks */,
				792C04031CF748170039E47B /* Resources */,
			);
			buildRules = (
			);
			dependencies = (
			);
			name = JLRoutesDemo;
			productName = JLRoutesDemo;
			productReference = 792C04051CF748170039E47B /* JLRoutesDemo.app */;
			productType = "com.apple.product-type.application";
		};
		792C041D1CF748170039E47B /* JLRoutesDemoTests */ = {
			isa = PBXNativeTarget;
			buildConfigurationList = 792C04351CF748170039E47B /* Build configuration list for PBXNativeTarget "JLRoutesDemoTests" */;
			buildPhases = (
				792C041A1CF748170039E47B /* Sources */,
				792C041B1CF748170039E47B /* Frameworks */,
				792C041C1CF748170039E47B /* Resources */,
			);
			buildRules = (
			);
			dependencies = (
				792C04201CF748170039E47B /* PBXTargetDependency */,
			);
			name = JLRoutesDemoTests;
			productName = JLRoutesDemoTests;
			productReference = 792C041E1CF748170039E47B /* JLRoutesDemoTests.xctest */;
			productType = "com.apple.product-type.bundle.unit-test";
		};
		792C04281CF748170039E47B /* JLRoutesDemoUITests */ = {
			isa = PBXNativeTarget;
			buildConfigurationList = 792C04381CF748170039E47B /* Build configuration list for PBXNativeTarget "JLRoutesDemoUITests" */;
			buildPhases = (
				792C04251CF748170039E47B /* Sources */,
				792C04261CF748170039E47B /* Frameworks */,
				792C04271CF748170039E47B /* Resources */,
			);
			buildRules = (
			);
			dependencies = (
				792C042B1CF748170039E47B /* PBXTargetDependency */,
			);
			name = JLRoutesDemoUITests;
			productName = JLRoutesDemoUITests;
			productReference = 792C04291CF748170039E47B /* JLRoutesDemoUITests.xctest */;
			productType = "com.apple.product-type.bundle.ui-testing";
		};
/* End PBXNativeTarget section */

/* Begin PBXProject section */
		792C03FD1CF748170039E47B /* Project object */ = {
			isa = PBXProject;
			attributes = {
				LastUpgradeCheck = 0730;
				ORGANIZATIONNAME = Junne;
				TargetAttributes = {
					792C04041CF748170039E47B = {
						CreatedOnToolsVersion = 7.3.1;
					};
					792C041D1CF748170039E47B = {
						CreatedOnToolsVersion = 7.3.1;
						TestTargetID = 792C04041CF748170039E47B;
					};
					792C04281CF748170039E47B = {
						CreatedOnToolsVersion = 7.3.1;
						TestTargetID = 792C04041CF748170039E47B;
					};
				};
			};
			buildConfigurationList = 792C04001CF748170039E47B /* Build configuration list for PBXProject "JLRoutesDemo" */;
			compatibilityVersion = "Xcode 3.2";
			developmentRegion = English;
			hasScannedForEncodings = 0;
			knownRegions = (
				en,
				Base,
			);
			mainGroup = 792C03FC1CF748170039E47B;
			productRefGroup = 792C04061CF748170039E47B /* Products */;
			projectDirPath = "";
			projectRoot = "";
			targets = (
				792C04041CF748170039E47B /* JLRoutesDemo */,
				792C041D1CF748170039E47B /* JLRoutesDemoTests */,
				792C04281CF748170039E47B /* JLRoutesDemoUITests */,
			);
		};
/* End PBXProject section */

/* Begin PBXResourcesBuildPhase section */
		792C04031CF748170039E47B /* Resources */ = {
			isa = PBXResourcesBuildPhase;
			buildActionMask = 2147483647;
			files = (
				792C04181CF748170039E47B /* LaunchScreen.storyboard in Resources */,
				792C04151CF748170039E47B /* Assets.xcassets in Resources */,
				792C04131CF748170039E47B /* Main.storyboard in Resources */,
			);
			runOnlyForDeploymentPostprocessing = 0;
		};
		792C041C1CF748170039E47B /* Resources */ = {
			isa = PBXResourcesBuildPhase;
			buildActionMask = 2147483647;
			files = (
			);
			runOnlyForDeploymentPostprocessing = 0;
		};
		792C04271CF748170039E47B /* Resources */ = {
			isa = PBXResourcesBuildPhase;
			buildActionMask = 2147483647;
			files = (
			);
			runOnlyForDeploymentPostprocessing = 0;
		};
/* End PBXResourcesBuildPhase section */

/* Begin PBXSourcesBuildPhase section */
		792C04011CF748170039E47B /* Sources */ = {
			isa = PBXSourcesBuildPhase;
			buildActionMask = 2147483647;
			files = (
				792C04101CF748170039E47B /* ViewController.m in Sources */,
				792C040D1CF748170039E47B /* AppDelegate.m in Sources */,
				792C040A1CF748170039E47B /* main.m in Sources */,
			);
			runOnlyForDeploymentPostprocessing = 0;
		};
		792C041A1CF748170039E47B /* Sources */ = {
			isa = PBXSourcesBuildPhase;
			buildActionMask = 2147483647;
			files = (
				792C04231CF748170039E47B /* JLRoutesDemoTests.m in Sources */,
			);
			runOnlyForDeploymentPostprocessing = 0;
		};
		792C04251CF748170039E47B /* Sources */ = {
			isa = PBXSourcesBuildPhase;
			buildActionMask = 2147483647;
			files = (
				792C042E1CF748170039E47B /* JLRoutesDemoUITests.m in Sources */,
			);
			runOnlyForDeploymentPostprocessing = 0;
		};
/* End PBXSourcesBuildPhase section */

/* Begin PBXTargetDependency section */
		792C04201CF748170039E47B /* PBXTargetDependency */ = {
			isa = PBXTargetDependency;
			target = 792C04041CF748170039E47B /* JLRoutesDemo */;
			targetProxy = 792C041F1CF748170039E47B /* PBXContainerItemProxy */;
		};
		792C042B1CF748170039E47B /* PBXTargetDependency */ = {
			isa = PBXTargetDependency;
			target = 792C04041CF748170039E47B /* JLRoutesDemo */;
			targetProxy = 792C042A1CF748170039E47B /* PBXContainerItemProxy */;
		};
/* End PBXTargetDependency section */

/* Begin PBXVariantGroup section */
		792C04111CF748170039E47B /* Main.storyboard */ = {
			isa = PBXVariantGroup;
			children = (
				792C04121CF748170039E47B /* Base */,
			);
			name = Main.storyboard;
			sourceTree = "<group>";
		};
		792C04161CF748170039E47B /* LaunchScreen.storyboard */ = {
			isa = PBXVariantGroup;
			children = (
				792C04171CF748170039E47B /* Base */,
			);
			name = LaunchScreen.storyboard;
			sourceTree = "<group>";
		};
/* End PBXVariantGroup section */

/* Begin XCBuildConfiguration section */
		792C04301CF748170039E47B /* Debug */ = {
			isa = XCBuildConfiguration;
			buildSettings = {
				ALWAYS_SEARCH_USER_PATHS = NO;
				CLANG_ANALYZER_NONNULL = YES;
				CLANG_CXX_LANGUAGE_STANDARD = "gnu++0x";
				CLANG_CXX_LIBRARY = "libc++";
				CLANG_ENABLE_MODULES = YES;
				CLANG_ENABLE_OBJC_ARC = YES;
				CLANG_WARN_BOOL_CONVERSION = YES;
				CLANG_WARN_CONSTANT_CONVERSION = YES;
				CLANG_WARN_DIRECT_OBJC_ISA_USAGE = YES_ERROR;
				CLANG_WARN_EMPTY_BODY = YES;
				CLANG_WARN_ENUM_CONVERSION = YES;
				CLANG_WARN_INT_CONVERSION = YES;
				CLANG_WARN_OBJC_ROOT_CLASS = YES_ERROR;
				CLANG_WARN_UNREACHABLE_CODE = YES;
				CLANG_WARN__DUPLICATE_METHOD_MATCH = YES;
				"CODE_SIGN_IDENTITY[sdk=iphoneos*]" = "iPhone Developer";
				COPY_PHASE_STRIP = NO;
				DEBUG_INFORMATION_FORMAT = dwarf;
				ENABLE_STRICT_OBJC_MSGSEND = YES;
				ENABLE_TESTABILITY = YES;
				GCC_C_LANGUAGE_STANDARD = gnu99;
				GCC_DYNAMIC_NO_PIC = NO;
				GCC_NO_COMMON_BLOCKS = YES;
				GCC_OPTIMIZATION_LEVEL = 0;
				GCC_PREPROCESSOR_DEFINITIONS = (
					"DEBUG=1",
					"$(inherited)",
				);
				GCC_WARN_64_TO_32_BIT_CONVERSION = YES;
				GCC_WARN_ABOUT_RETURN_TYPE = YES_ERROR;
				GCC_WARN_UNDECLARED_SELECTOR = YES;
				GCC_WARN_UNINITIALIZED_AUTOS = YES_AGGRESSIVE;
				GCC_WARN_UNUSED_FUNCTION = YES;
				GCC_WARN_UNUSED_VARIABLE = YES;
				IPHONEOS_DEPLOYMENT_TARGET = 9.3;
				MTL_ENABLE_DEBUG_INFO = YES;
				ONLY_ACTIVE_ARCH = YES;
				SDKROOT = iphoneos;
				TARGETED_DEVICE_FAMILY = "1,2";
			};
			name = Debug;
		};
		792C04311CF748170039E47B /* Release */ = {
			isa = XCBuildConfiguration;
			buildSettings = {
				ALWAYS_SEARCH_USER_PATHS = NO;
				CLANG_ANALYZER_NONNULL = YES;
				CLANG_CXX_LANGUAGE_STANDARD = "gnu++0x";
				CLANG_CXX_LIBRARY = "libc++";
				CLANG_ENABLE_MODULES = YES;
				CLANG_ENABLE_OBJC_ARC = YES;
				CLANG_WARN_BOOL_CONVERSION = YES;
				CLANG_WARN_CONSTANT_CONVERSION = YES;
				CLANG_WARN_DIRECT_OBJC_ISA_USAGE = YES_ERROR;
				CLANG_WARN_EMPTY_BODY = YES;
				CLANG_WARN_ENUM_CONVERSION = YES;
				CLANG_WARN_INT_CONVERSION = YES;
				CLANG_WARN_OBJC_ROOT_CLASS = YES_ERROR;
				CLANG_WARN_UNREACHABLE_CODE = YES;
				CLANG_WARN__DUPLICATE_METHOD_MATCH = YES;
				"CODE_SIGN_IDENTITY[sdk=iphoneos*]" = "iPhone Developer";
				COPY_PHASE_STRIP = NO;
				DEBUG_INFORMATION_FORMAT = "dwarf-with-dsym";
				ENABLE_NS_ASSERTIONS = NO;
				ENABLE_STRICT_OBJC_MSGSEND = YES;
				GCC_C_LANGUAGE_STANDARD = gnu99;
				GCC_NO_COMMON_BLOCKS = YES;
				GCC_WARN_64_TO_32_BIT_CONVERSION = YES;
				GCC_WARN_ABOUT_RETURN_TYPE = YES_ERROR;
				GCC_WARN_UNDECLARED_SELECTOR = YES;
				GCC_WARN_UNINITIALIZED_AUTOS = YES_AGGRESSIVE;
				GCC_WARN_UNUSED_FUNCTION = YES;
				GCC_WARN_UNUSED_VARIABLE = YES;
				IPHONEOS_DEPLOYMENT_TARGET = 9.3;
				MTL_ENABLE_DEBUG_INFO = NO;
				SDKROOT = iphoneos;
				TARGETED_DEVICE_FAMILY = "1,2";
				VALIDATE_PRODUCT = YES;
			};
			name = Release;
		};
		792C04331CF748170039E47B /* Debug */ = {
			isa = XCBuildConfiguration;
			buildSettings = {
				ASSETCATALOG_COMPILER_APPICON_NAME = AppIcon;
				INFOPLIST_FILE = JLRoutesDemo/Info.plist;
				LD_RUNPATH_SEARCH_PATHS = "$(inherited) @executable_path/Frameworks";
				PRODUCT_BUNDLE_IDENTIFIER = io.github.junne.JLRoutesDemo;
				PRODUCT_NAME = "$(TARGET_NAME)";
			};
			name = Debug;
		};
		792C04341CF748170039E47B /* Release */ = {
			isa = XCBuildConfiguration;
			buildSettings = {
				ASSETCATALOG_COMPILER_APPICON_NAME = AppIcon;
				INFOPLIST_FILE = JLRoutesDemo/Info.plist;
				LD_RUNPATH_SEARCH_PATHS = "$(inherited) @executable_path/Frameworks";
				PRODUCT_BUNDLE_IDENTIFIER = io.github.junne.JLRoutesDemo;
				PRODUCT_NAME = "$(TARGET_NAME)";
			};
			name = Release;
		};
		792C04361CF748170039E47B /* Debug */ = {
			isa = XCBuildConfiguration;
			buildSettings = {
				BUNDLE_LOADER = "$(TEST_HOST)";
				INFOPLIST_FILE = JLRoutesDemoTests/Info.plist;
				LD_RUNPATH_SEARCH_PATHS = "$(inherited) @executable_path/Frameworks @loader_path/Frameworks";
				PRODUCT_BUNDLE_IDENTIFIER = io.github.junne.JLRoutesDemoTests;
				PRODUCT_NAME = "$(TARGET_NAME)";
				TEST_HOST = "$(BUILT_PRODUCTS_DIR)/JLRoutesDemo.app/JLRoutesDemo";
			};
			name = Debug;
		};
		792C04371CF748170039E47B /* Release */ = {
			isa = XCBuildConfiguration;
			buildSettings = {
				BUNDLE_LOADER = "$(TEST_HOST)";
				INFOPLIST_FILE = JLRoutesDemoTests/Info.plist;
				LD_RUNPATH_SEARCH_PATHS = "$(inherited) @executable_path/Frameworks @loader_path/Frameworks";
				PRODUCT_BUNDLE_IDENTIFIER = io.github.junne.JLRoutesDemoTests;
				PRODUCT_NAME = "$(TARGET_NAME)";
				TEST_HOST = "$(BUILT_PRODUCTS_DIR)/JLRoutesDemo.app/JLRoutesDemo";
			};
			name = Release;
		};
		792C04391CF748170039E47B /* Debug */ = {
			isa = XCBuildConfiguration;
			buildSettings = {
				INFOPLIST_FILE = JLRoutesDemoUITests/Info.plist;
				LD_RUNPATH_SEARCH_PATHS = "$(inherited) @executable_path/Frameworks @loader_path/Frameworks";
				PRODUCT_BUNDLE_IDENTIFIER = io.github.junne.JLRoutesDemoUITests;
				PRODUCT_NAME = "$(TARGET_NAME)";
				TEST_TARGET_NAME = JLRoutesDemo;
			};
			name = Debug;
		};
		792C043A1CF748170039E47B /* Release */ = {
			isa = XCBuildConfiguration;
			buildSettings = {
				INFOPLIST_FILE = JLRoutesDemoUITests/Info.plist;
				LD_RUNPATH_SEARCH_PATHS = "$(inherited) @executable_path/Frameworks @loader_path/Frameworks";
				PRODUCT_BUNDLE_IDENTIFIER = io.github.junne.JLRoutesDemoUITests;
				PRODUCT_NAME = "$(TARGET_NAME)";
				TEST_TARGET_NAME = JLRoutesDemo;
			};
			name = Release;
		};
/* End XCBuildConfiguration section */

/* Begin XCConfigurationList section */
		792C04001CF748170039E47B /* Build configuration list for PBXProject "JLRoutesDemo" */ = {
			isa = XCConfigurationList;
			buildConfigurations = (
				792C04301CF748170039E47B /* Debug */,
				792C04311CF748170039E47B /* Release */,
			);
			defaultConfigurationIsVisible = 0;
			defaultConfigurationName = Release;
		};
		792C04321CF748170039E47B /* Build configuration list for PBXNativeTarget "JLRoutesDemo" */ = {
			isa = XCConfigurationList;
			buildConfigurations = (
				792C04331CF748170039E47B /* Debug */,
				792C04341CF748170039E47B /* Release */,
			);
			defaultConfigurationIsVisible = 0;
		};
		792C04351CF748170039E47B /* Build configuration list for PBXNativeTarget "JLRoutesDemoTests" */ = {
			isa = XCConfigurationList;
			buildConfigurations = (
				792C04361CF748170039E47B /* Debug */,
				792C04371CF748170039E47B /* Release */,
			);
			defaultConfigurationIsVisible = 0;
		};
		792C04381CF748170039E47B /* Build configuration list for PBXNativeTarget "JLRoutesDemoUITests" */ = {
			isa = XCConfigurationList;
			buildConfigurations = (
				792C04391CF748170039E47B /* Debug */,
				792C043A1CF748170039E47B /* Release */,
			);
			defaultConfigurationIsVisible = 0;
		};
/* End XCConfigurationList section */
	};
	rootObject = 792C03FD1CF748170039E47B /* Project object */;
}
